
Microsoft Visual Studio Solution File, Format Version 12.00
# Visual Studio Version 17
VisualStudioVersion = 17.8.34330.188
MinimumVisualStudioVersion = 10.0.40219.1
Project("{9A19103F-16F7-4668-BE54-9A1E7A4F7556}") = "ConsoleApp2", "ConsoleApp2\ConsoleApp2.csproj", "{B0A55C57-8D5F-4B3C-A2D8-D596139F84B6}"
EndProject
Project("{FAE04EC0-301F-11D3-BF4B-00C04F79EFBC}") = "MVC_1", "MVC_1\MVC_1.csproj", "{D81A0A42-A998-461E-91E2-59FF88A7F5CF}"
EndProject
Project("{FAE04EC0-301F-11D3-BF4B-00C04F79EFBC}") = "MVC_Student", "MVC_Student\MVC_Student.csproj", "{FEDC2D67-2126-49E5-8992-A75E99B21EBC}"
EndProject
Global
	GlobalSection(SolutionConfigurationPlatforms) = preSolution
		Debug|Any CPU = Debug|Any CPU
		Release|Any CPU = Release|Any CPU
	EndGlobalSection
	GlobalSection(ProjectConfigurationPlatforms) = postSolution
		{B0A55C57-8D5F-4B3C-A2D8-D596139F84B6}.Debug|Any CPU.ActiveCfg = Debug|Any CPU
		{B0A55C57-8D5F-4B3C-A2D8-D596139F84B6}.Debug|Any CPU.Build.0 = Debug|Any CPU
		{B0A55C57-8D5F-4B3C-A2D8-D596139F84B6}.Release|Any CPU.ActiveCfg = Release|Any CPU
		{B0A55C57-8D5F-4B3C-A2D8-D596139F84B6}.Release|Any CPU.Build.0 = Release|Any CPU
		{D81A0A42-A998-461E-91E2-59FF88A7F5CF}.Debug|Any CPU.ActiveCfg = Debug|Any CPU
		{D81A0A42-A998-461E-91E2-59FF88A7F5CF}.Debug|Any CPU.Build.0 = Debug|Any CPU
		{D81A0A42-A998-461E-91E2-59FF88A7F5CF}.Release|Any CPU.ActiveCfg = Release|Any CPU
		{D81A0A42-A998-461E-91E2-59FF88A7F5CF}.Release|Any CPU.Build.0 = Release|Any CPU
		{FEDC2D67-2126-49E5-8992-A75E99B21EBC}.Debug|Any CPU.ActiveCfg = Debug|Any CPU
		{FEDC2D67-2126-49E5-8992-A75E99B21EBC}.Debug|Any CPU.Build.0 = Debug|Any CPU
		{FEDC2D67-2126-49E5-8992-A75E99B21EBC}.Release|Any CPU.ActiveCfg = Release|Any CPU
		{FEDC2D67-2126-49E5-8992-A75E99B21EBC}.Release|Any CPU.Build.0 = Release|Any CPU
	EndGlobalSection
	GlobalSection(SolutionProperties) = preSolution
		HideSolutionNode = FALSE
	EndGlobalSection
	GlobalSection(ExtensibilityGlobals) = postSolution
		SolutionGuid = {CEE3F6FD-DCC4-4EC7-B036-FAAF017D58C1}
	EndGlobalSection
EndGlobal
